
Microsoft Visual Studio Solution File, Format Version 11.00
# Visual Studio 2010
Project("{FAE04EC0-301F-11D3-BF4B-00C04F79EFBC}") = "T3ME.Web", "T3ME.Web\T3ME.Web.csproj", "{87F7E981-B4DC-4FEC-AB28-930F9F356A5A}"
EndProject
Project("{FAE04EC0-301F-11D3-BF4B-00C04F79EFBC}") = "MvcLibrary", "MvcLibrary\MvcLibrary.csproj", "{3465F09F-A106-4C87-A17E-4804E6BE2F34}"
EndProject
Project("{FAE04EC0-301F-11D3-BF4B-00C04F79EFBC}") = "T3ME.Domain.NHibernate", "T3ME.Domain.NHibernate\T3ME.Domain.NHibernate.csproj", "{AFE1D48B-AAF1-437E-8023-29961E988178}"
EndProject
Project("{FAE04EC0-301F-11D3-BF4B-00C04F79EFBC}") = "T3ME.Domain", "T3ME.Domain\T3ME.Domain.csproj", "{2AAC012B-7B05-41ED-8D55-1179F4A0346B}"
EndProject
Project("{2150E333-8FDC-42A3-9474-1A3956D46DE8}") = "Infrastructure", "Infrastructure", "{A2D51B1C-8DA9-4EE5-AE1D-C726573310D5}"
EndProject
Project("{2150E333-8FDC-42A3-9474-1A3956D46DE8}") = "Tests", "Tests", "{73007802-A0A8-437A-9740-15E78AC0ECD1}"
EndProject
Project("{FAE04EC0-301F-11D3-BF4B-00C04F79EFBC}") = "T3ME.Web.Tests", "T3ME.Web.Tests\T3ME.Web.Tests.csproj", "{074B6A27-537C-4AF7-A3C2-8C216E3F9090}"
EndProject
Project("{FAE04EC0-301F-11D3-BF4B-00C04F79EFBC}") = "T3ME.Business", "T3ME.Business\T3ME.Business.csproj", "{3C0BE64C-DD3F-4665-B73E-8F84A5194262}"
EndProject
Project("{FAE04EC0-301F-11D3-BF4B-00C04F79EFBC}") = "T3ME.Business.Tests", "T3ME.Business.Tests\T3ME.Business.Tests.csproj", "{A923F964-1735-4C53-B4AD-515C5AD78126}"
EndProject
Project("{FAE04EC0-301F-11D3-BF4B-00C04F79EFBC}") = "MvcLibrary.Tests", "MvcLibrary.Tests\MvcLibrary.Tests.csproj", "{5F4BC854-1BA1-49E1-8C5D-A4F5B5538A24}"
EndProject
Project("{FAE04EC0-301F-11D3-BF4B-00C04F79EFBC}") = "T3ME.Domain.Tests", "T3ME.Domain.Tests\T3ME.Domain.Tests.csproj", "{AC1264A6-73E9-4349-9472-AF4A73028531}"
EndProject
Global
	GlobalSection(SolutionConfigurationPlatforms) = preSolution
		Debug|Any CPU = Debug|Any CPU
		Release|Any CPU = Release|Any CPU
	EndGlobalSection
	GlobalSection(ProjectConfigurationPlatforms) = postSolution
		{87F7E981-B4DC-4FEC-AB28-930F9F356A5A}.Debug|Any CPU.ActiveCfg = Debug|Any CPU
		{87F7E981-B4DC-4FEC-AB28-930F9F356A5A}.Debug|Any CPU.Build.0 = Debug|Any CPU
		{87F7E981-B4DC-4FEC-AB28-930F9F356A5A}.Release|Any CPU.ActiveCfg = Release|Any CPU
		{87F7E981-B4DC-4FEC-AB28-930F9F356A5A}.Release|Any CPU.Build.0 = Release|Any CPU
		{3465F09F-A106-4C87-A17E-4804E6BE2F34}.Debug|Any CPU.ActiveCfg = Debug|Any CPU
		{3465F09F-A106-4C87-A17E-4804E6BE2F34}.Debug|Any CPU.Build.0 = Debug|Any CPU
		{3465F09F-A106-4C87-A17E-4804E6BE2F34}.Release|Any CPU.ActiveCfg = Release|Any CPU
		{3465F09F-A106-4C87-A17E-4804E6BE2F34}.Release|Any CPU.Build.0 = Release|Any CPU
		{AFE1D48B-AAF1-437E-8023-29961E988178}.Debug|Any CPU.ActiveCfg = Debug|Any CPU
		{AFE1D48B-AAF1-437E-8023-29961E988178}.Debug|Any CPU.Build.0 = Debug|Any CPU
		{AFE1D48B-AAF1-437E-8023-29961E988178}.Release|Any CPU.ActiveCfg = Release|Any CPU
		{AFE1D48B-AAF1-437E-8023-29961E988178}.Release|Any CPU.Build.0 = Release|Any CPU
		{2AAC012B-7B05-41ED-8D55-1179F4A0346B}.Debug|Any CPU.ActiveCfg = Debug|Any CPU
		{2AAC012B-7B05-41ED-8D55-1179F4A0346B}.Debug|Any CPU.Build.0 = Debug|Any CPU
		{2AAC012B-7B05-41ED-8D55-1179F4A0346B}.Release|Any CPU.ActiveCfg = Release|Any CPU
		{2AAC012B-7B05-41ED-8D55-1179F4A0346B}.Release|Any CPU.Build.0 = Release|Any CPU
		{074B6A27-537C-4AF7-A3C2-8C216E3F9090}.Debug|Any CPU.ActiveCfg = Debug|Any CPU
		{074B6A27-537C-4AF7-A3C2-8C216E3F9090}.Debug|Any CPU.Build.0 = Debug|Any CPU
		{074B6A27-537C-4AF7-A3C2-8C216E3F9090}.Release|Any CPU.ActiveCfg = Release|Any CPU
		{074B6A27-537C-4AF7-A3C2-8C216E3F9090}.Release|Any CPU.Build.0 = Release|Any CPU
		{3C0BE64C-DD3F-4665-B73E-8F84A5194262}.Debug|Any CPU.ActiveCfg = Debug|Any CPU
		{3C0BE64C-DD3F-4665-B73E-8F84A5194262}.Debug|Any CPU.Build.0 = Debug|Any CPU
		{3C0BE64C-DD3F-4665-B73E-8F84A5194262}.Release|Any CPU.ActiveCfg = Release|Any CPU
		{3C0BE64C-DD3F-4665-B73E-8F84A5194262}.Release|Any CPU.Build.0 = Release|Any CPU
		{A923F964-1735-4C53-B4AD-515C5AD78126}.Debug|Any CPU.ActiveCfg = Debug|Any CPU
		{A923F964-1735-4C53-B4AD-515C5AD78126}.Debug|Any CPU.Build.0 = Debug|Any CPU
		{A923F964-1735-4C53-B4AD-515C5AD78126}.Release|Any CPU.ActiveCfg = Release|Any CPU
		{A923F964-1735-4C53-B4AD-515C5AD78126}.Release|Any CPU.Build.0 = Release|Any CPU
		{5F4BC854-1BA1-49E1-8C5D-A4F5B5538A24}.Debug|Any CPU.ActiveCfg = Debug|Any CPU
		{5F4BC854-1BA1-49E1-8C5D-A4F5B5538A24}.Debug|Any CPU.Build.0 = Debug|Any CPU
		{5F4BC854-1BA1-49E1-8C5D-A4F5B5538A24}.Release|Any CPU.ActiveCfg = Release|Any CPU
		{5F4BC854-1BA1-49E1-8C5D-A4F5B5538A24}.Release|Any CPU.Build.0 = Release|Any CPU
		{AC1264A6-73E9-4349-9472-AF4A73028531}.Debug|Any CPU.ActiveCfg = Debug|Any CPU
		{AC1264A6-73E9-4349-9472-AF4A73028531}.Debug|Any CPU.Build.0 = Debug|Any CPU
		{AC1264A6-73E9-4349-9472-AF4A73028531}.Release|Any CPU.ActiveCfg = Release|Any CPU
		{AC1264A6-73E9-4349-9472-AF4A73028531}.Release|Any CPU.Build.0 = Release|Any CPU
	EndGlobalSection
	GlobalSection(SolutionProperties) = preSolution
		HideSolutionNode = FALSE
	EndGlobalSection
	GlobalSection(NestedProjects) = preSolution
		{AFE1D48B-AAF1-437E-8023-29961E988178} = {A2D51B1C-8DA9-4EE5-AE1D-C726573310D5}
		{074B6A27-537C-4AF7-A3C2-8C216E3F9090} = {73007802-A0A8-437A-9740-15E78AC0ECD1}
		{A923F964-1735-4C53-B4AD-515C5AD78126} = {73007802-A0A8-437A-9740-15E78AC0ECD1}
		{5F4BC854-1BA1-49E1-8C5D-A4F5B5538A24} = {73007802-A0A8-437A-9740-15E78AC0ECD1}
		{AC1264A6-73E9-4349-9472-AF4A73028531} = {73007802-A0A8-437A-9740-15E78AC0ECD1}
	EndGlobalSection
EndGlobal
